
Microsoft Visual Studio Solution File, Format Version 12.00
# Visual Studio Version 17
VisualStudioVersion = 17.9.34714.143
MinimumVisualStudioVersion = 10.0.40219.1
Project("{FAE04EC0-301F-11D3-BF4B-00C04F79EFBC}") = "StudentManagement", "StudentManagement\StudentManagement.csproj", "{B6C7415E-F100-4769-95CD-81F971A3C1F9}"
EndProject
Global
	GlobalSection(SolutionConfigurationPlatforms) = preSolution
		Debug|Any CPU = Debug|Any CPU
		Release|Any CPU = Release|Any CPU
	EndGlobalSection
	GlobalSection(ProjectConfigurationPlatforms) = postSolution
		{B6C7415E-F100-4769-95CD-81F971A3C1F9}.Debug|Any CPU.ActiveCfg = Debug|Any CPU
		{B6C7415E-F100-4769-95CD-81F971A3C1F9}.Debug|Any CPU.Build.0 = Debug|Any CPU
		{B6C7415E-F100-4769-95CD-81F971A3C1F9}.Release|Any CPU.ActiveCfg = Release|Any CPU
		{B6C7415E-F100-4769-95CD-81F971A3C1F9}.Release|Any CPU.Build.0 = Release|Any CPU
	EndGlobalSection
	GlobalSection(SolutionProperties) = preSolution
		HideSolutionNode = FALSE
	EndGlobalSection
	GlobalSection(ExtensibilityGlobals) = postSolution
		SolutionGuid = {14287D3B-598D-432B-A5F4-58CECEC15A40}
	EndGlobalSection
EndGlobal
